
Microsoft Visual Studio Solution File, Format Version 12.00
# Visual Studio Version 17
VisualStudioVersion = 17.4.33103.184
MinimumVisualStudioVersion = 10.0.40219.1
Project("{9A19103F-16F7-4668-BE54-9A1E7A4F7556}") = "UniverseMachine", "UniverseMachine\UniverseMachine.csproj", "{53A51B54-7338-43BF-8743-3677608B1EC1}"
EndProject
Project("{9A19103F-16F7-4668-BE54-9A1E7A4F7556}") = "UniverseMachine.Renderer", "UniverseMachine.Renderer\UniverseMachine.Renderer.csproj", "{DCEC8C2A-332E-4EF1-B7C1-60FB0AC4B65D}"
EndProject
Project("{9A19103F-16F7-4668-BE54-9A1E7A4F7556}") = "Kohi.Composer", "lib\kohi-composer\src\Kohi.Composer\Kohi.Composer\Kohi.Composer.csproj", "{A4F5E422-6E77-453D-865B-E9CCF2F8F6E8}"
EndProject
Global
	GlobalSection(SolutionConfigurationPlatforms) = preSolution
		Debug|Any CPU = Debug|Any CPU
		Release|Any CPU = Release|Any CPU
	EndGlobalSection
	GlobalSection(ProjectConfigurationPlatforms) = postSolution
		{53A51B54-7338-43BF-8743-3677608B1EC1}.Debug|Any CPU.ActiveCfg = Debug|Any CPU
		{53A51B54-7338-43BF-8743-3677608B1EC1}.Debug|Any CPU.Build.0 = Debug|Any CPU
		{53A51B54-7338-43BF-8743-3677608B1EC1}.Release|Any CPU.ActiveCfg = Release|Any CPU
		{53A51B54-7338-43BF-8743-3677608B1EC1}.Release|Any CPU.Build.0 = Release|Any CPU
		{DCEC8C2A-332E-4EF1-B7C1-60FB0AC4B65D}.Debug|Any CPU.ActiveCfg = Debug|Any CPU
		{DCEC8C2A-332E-4EF1-B7C1-60FB0AC4B65D}.Debug|Any CPU.Build.0 = Debug|Any CPU
		{DCEC8C2A-332E-4EF1-B7C1-60FB0AC4B65D}.Release|Any CPU.ActiveCfg = Release|Any CPU
		{DCEC8C2A-332E-4EF1-B7C1-60FB0AC4B65D}.Release|Any CPU.Build.0 = Release|Any CPU
		{A4F5E422-6E77-453D-865B-E9CCF2F8F6E8}.Debug|Any CPU.ActiveCfg = Debug|Any CPU
		{A4F5E422-6E77-453D-865B-E9CCF2F8F6E8}.Debug|Any CPU.Build.0 = Debug|Any CPU
		{A4F5E422-6E77-453D-865B-E9CCF2F8F6E8}.Release|Any CPU.ActiveCfg = Release|Any CPU
		{A4F5E422-6E77-453D-865B-E9CCF2F8F6E8}.Release|Any CPU.Build.0 = Release|Any CPU
	EndGlobalSection
	GlobalSection(SolutionProperties) = preSolution
		HideSolutionNode = FALSE
	EndGlobalSection
	GlobalSection(ExtensibilityGlobals) = postSolution
		SolutionGuid = {A8F36C3F-FC59-444C-8D15-02025225B9B4}
	EndGlobalSection
EndGlobal
